<?xml version="1.0" encoding="utf-8"?>
<Project ToolsVersion="4.0" xmlns="http://schemas.microsoft.com/developer/msbuild/2003">
  <ItemGroup>
    <Filter Include="Header Files">
      <UniqueIdentifier>{93995380-89BD-4b04-88EB-625FBE52EBFB}</UniqueIdentifier>
      <Extensions>h;hh;hpp;hxx;hm;inl;inc;xsd</Extensions>
    </Filter>
  </ItemGroup>
  <ItemGroup>
    <Text Include="ReadMe.txt" />
  </ItemGroup>
  <ItemGroup>
    <ClInclude Include="utils.h">
      <Filter>Header Files</Filter>
    </ClInclude>
    <ClInclude Include="surrogate.h">
      <Filter>Header Files</Filter>
    </ClInclude>
    <ClInclude Include="spams.h">
      <Filter>Header Files</Filter>
    </ClInclude>
    <ClInclude Include="projsplx.h">
      <Filter>Header Files</Filter>
    </ClInclude>
    <ClInclude Include="project.h">
      <Filter>Header Files</Filter>
    </ClInclude>
    <ClInclude Include="misc.h">
      <Filter>Header Files</Filter>
    </ClInclude>
    <ClInclude Include="mexutils.h">
      <Filter>Header Files</Filter>
    </ClInclude>
    <ClInclude Include="mexgrouputils.h">
      <Filter>Header Files</Filter>
    </ClInclude>
    <ClInclude Include="lsqsplx.h">
      <Filter>Header Files</Filter>
    </ClInclude>
    <ClInclude Include="list.h">
      <Filter>Header Files</Filter>
    </ClInclude>
    <ClInclude Include="linalg.h">
      <Filter>Header Files</Filter>
    </ClInclude>
    <ClInclude Include="groups-graph.h">
      <Filter>Header Files</Filter>
    </ClInclude>
    <ClInclude Include="fista.h">
      <Filter>Header Files</Filter>
    </ClInclude>
    <ClInclude Include="dicts.h">
      <Filter>Header Files</Filter>
    </ClInclude>
    <ClInclude Include="decomp.h">
      <Filter>Header Files</Filter>
    </ClInclude>
    <ClInclude Include="cblas_defvar.h">
      <Filter>Header Files</Filter>
    </ClInclude>
    <ClInclude Include="cblas_alt_template.h">
      <Filter>Header Files</Filter>
    </ClInclude>
    <ClInclude Include="arch.h">
      <Filter>Header Files</Filter>
    </ClInclude>
  </ItemGroup>
</Project>